{
  "name": "deploy",
  "requires": true,
  "lockfileVersion": 1,
  "dependencies": {
    "@sap/hdi-deploy": {
      "version": "3.11.6",
      "resolved": "https://npm.sap.com/@sap/hdi-deploy/-/hdi-deploy-3.11.6.tgz",
      "integrity": "sha512-csxK7rwENRJkM8qqmOYu3n4FtOYdiQC/F09CNAK3YzlEjnadnn8vaNWkvqbwmFfoYVbmNXyO/6d/ThIDeNTJJA==",
      "requires": {
        "@sap/hana-client": "2.4.162",
        "@sap/hdi": "2.2.4",
        "@sap/xsenv": "1.2.9",
        "async": "3.1.0",
        "handlebars": "4.5.3"
      },
      "dependencies": {
        "@sap/hana-client": {
          "version": "2.4.162",
          "resolved": "https://npm.sap.com/@sap/hana-client/-/hana-client-2.4.162.tgz",
          "integrity": "sha512-cKj+C7XKNQECDbFld8gcpl4rU6DzE/P8u1MKYcs7DcbA6eoBQSEB0RyI7cNiFbdOpn8vRalWdf0CE/MBfRydPw==",
          "requires": {
            "debug": "3.1.0"
          },
          "dependencies": {
            "debug": {
              "version": "3.1.0",
              "resolved": "https://registry.npmjs.org/debug/-/debug-3.1.0.tgz",
              "integrity": "sha512-OX8XqP7/1a9cqkxYw2yXss15f26NKWBpDXQd0/uK/KPqdQhxbPa994hnzjcE2VqQpDslf55723cKPUOGSmMY3g==",
              "requires": {
                "ms": "2.0.0"
              }
            },
            "ms": {
              "version": "2.0.0",
              "resolved": "https://registry.npmjs.org/ms/-/ms-2.0.0.tgz",
              "integrity": "sha1-VgiurfwAvmwpAd9fmGF4jeDVl8g="
            }
          }
        },
        "@sap/hdi": {
          "version": "2.2.4",
          "resolved": "https://npm.sap.com/@sap/hdi/-/hdi-2.2.4.tgz",
          "integrity": "sha512-npf66ZLN71TM+aFSlgJr8N4KUoNXVh6/U1H+CtpeEOex2e7LmXPw1P4KnMQrGNBGDDqnfPtYgqlrGODfE86vFg==",
          "requires": {
            "@sap/hana-client": "2.4.162",
            "async": "3.1.0"
          }
        },
        "@sap/xsenv": {
          "version": "1.2.9",
          "resolved": "https://npm.sap.com/@sap/xsenv/-/xsenv-1.2.9.tgz",
          "integrity": "sha1-IMflMuIafikYske0ih0PQo8zrpQ=",
          "requires": {
            "debug": "3.1.0",
            "verror": "1.10.0"
          },
          "dependencies": {
            "debug": {
              "version": "3.1.0",
              "resolved": "https://registry.npmjs.org/debug/-/debug-3.1.0.tgz",
              "integrity": "sha512-OX8XqP7/1a9cqkxYw2yXss15f26NKWBpDXQd0/uK/KPqdQhxbPa994hnzjcE2VqQpDslf55723cKPUOGSmMY3g==",
              "requires": {
                "ms": "2.0.0"
              }
            },
            "ms": {
              "version": "2.0.0",
              "resolved": "https://registry.npmjs.org/ms/-/ms-2.0.0.tgz",
              "integrity": "sha1-VgiurfwAvmwpAd9fmGF4jeDVl8g="
            }
          }
        },
        "assert-plus": {
          "version": "1.0.0",
          "resolved": "https://registry.npmjs.org/assert-plus/-/assert-plus-1.0.0.tgz",
          "integrity": "sha1-8S4PPF13sLHN2RRpQuTpbB5N1SU="
        },
        "async": {
          "version": "3.1.0",
          "resolved": "https://registry.npmjs.org/async/-/async-3.1.0.tgz",
          "integrity": "sha512-4vx/aaY6j/j3Lw3fbCHNWP0pPaTCew3F6F3hYyl/tHs/ndmV1q7NW9T5yuJ2XAGwdQrP+6Wu20x06U4APo/iQQ=="
        },
        "commander": {
          "version": "2.20.3",
          "resolved": "https://registry.npmjs.org/commander/-/commander-2.20.3.tgz",
          "integrity": "sha512-GpVkmM8vF2vQUkj2LvZmD35JxeJOLCwJ9cUkugyk2nuhbv3+mJvpLYYt+0+USMxE+oj+ey/lJEnhZw75x/OMcQ==",
          "optional": true
        },
        "core-util-is": {
          "version": "1.0.2",
          "resolved": "https://registry.npmjs.org/core-util-is/-/core-util-is-1.0.2.tgz",
          "integrity": "sha1-tf1UIgqivFq1eqtxQMlAdUUDwac="
        },
        "extsprintf": {
          "version": "1.4.0",
          "resolved": "https://registry.npmjs.org/extsprintf/-/extsprintf-1.4.0.tgz",
          "integrity": "sha1-4mifjzVvrWLMplo6kcXfX5VRaS8="
        },
        "handlebars": {
          "version": "4.5.3",
          "resolved": "https://registry.npmjs.org/handlebars/-/handlebars-4.5.3.tgz",
          "integrity": "sha512-3yPecJoJHK/4c6aZhSvxOyG4vJKDshV36VHp0iVCDVh7o9w2vwi3NSnL2MMPj3YdduqaBcu7cGbggJQM0br9xA==",
          "requires": {
            "neo-async": "^2.6.0",
            "optimist": "^0.6.1",
            "source-map": "^0.6.1",
            "uglify-js": "^3.1.4"
          }
        },
        "minimist": {
          "version": "0.0.10",
          "resolved": "https://registry.npmjs.org/minimist/-/minimist-0.0.10.tgz",
          "integrity": "sha1-3j+YVD2/lggr5IrRoMfNqDYwHc8="
        },
        "neo-async": {
          "version": "2.6.1",
          "resolved": "https://registry.npmjs.org/neo-async/-/neo-async-2.6.1.tgz",
          "integrity": "sha512-iyam8fBuCUpWeKPGpaNMetEocMt364qkCsfL9JuhjXX6dRnguRVOfk2GZaDpPjcOKiiXCPINZC1GczQ7iTq3Zw=="
        },
        "optimist": {
          "version": "0.6.1",
          "resolved": "https://registry.npmjs.org/optimist/-/optimist-0.6.1.tgz",
          "integrity": "sha1-2j6nRob6IaGaERwybpDrFaAZZoY=",
          "requires": {
            "minimist": "~0.0.1",
            "wordwrap": "~0.0.2"
          }
        },
        "source-map": {
          "version": "0.6.1",
          "resolved": "https://registry.npmjs.org/source-map/-/source-map-0.6.1.tgz",
          "integrity": "sha512-UjgapumWlbMhkBgzT7Ykc5YXUT46F0iKu8SGXq0bcwP5dz/h0Plj6enJqjz1Zbq2l5WaqYnrVbwWOWMyF3F47g=="
        },
        "uglify-js": {
          "version": "3.6.9",
          "resolved": "https://registry.npmjs.org/uglify-js/-/uglify-js-3.6.9.tgz",
          "integrity": "sha512-pcnnhaoG6RtrvHJ1dFncAe8Od6Nuy30oaJ82ts6//sGSXOP5UjBMEthiProjXmMNHOfd93sqlkztifFMcb+4yw==",
          "optional": true,
          "requires": {
            "commander": "~2.20.3",
            "source-map": "~0.6.1"
          }
        },
        "verror": {
          "version": "1.10.0",
          "resolved": "https://registry.npmjs.org/verror/-/verror-1.10.0.tgz",
          "integrity": "sha1-OhBcoXBTr1XW4nDB+CiGguGNpAA=",
          "requires": {
            "assert-plus": "^1.0.0",
            "core-util-is": "1.0.2",
            "extsprintf": "^1.2.0"
          }
        },
        "wordwrap": {
          "version": "0.0.3",
          "resolved": "https://registry.npmjs.org/wordwrap/-/wordwrap-0.0.3.tgz",
          "integrity": "sha1-o9XabNXAvAAI03I0u68b7WMFkQc="
        }
      }
    }
  }
}
